// !$*UTF8*$!
{
	archiveVersion = 1;
	classes = {
	};
	objectVersion = 54;
	objects = {

/* Begin PBXBuildFile section */
		2C08A74F24B2269C00E1BD83 /* Script+Require.swift in Sources */ = {isa = PBXBuildFile; fileRef = 2C0BC0DC24AAC518009B8631 /* Script+Require.swift */; };
		2C17C66A24271DDA005C911C /* GTDDevToolTests.swift in Sources */ = {isa = PBXBuildFile; fileRef = 2C17C66924271DDA005C911C /* GTDDevToolTests.swift */; };
		2C17C67224271EBD005C911C /* ScriptManagerTests.swift in Sources */ = {isa = PBXBuildFile; fileRef = 2C17C67124271EBD005C911C /* ScriptManagerTests.swift */; };
		2C17C67324271EE8005C911C /* ScriptManager.swift in Sources */ = {isa = PBXBuildFile; fileRef = 2C9761DB2214E45300AFF8CD /* ScriptManager.swift */; };
		2C17C6762427214B005C911C /* Script.swift in Sources */ = {isa = PBXBuildFile; fileRef = 2C9761DE2214E46800AFF8CD /* Script.swift */; };
		2C17C6772427214D005C911C /* ScriptExecution.swift in Sources */ = {isa = PBXBuildFile; fileRef = 2C53B6DF226D404E00DC6861 /* ScriptExecution.swift */; };
		2C17C67B2427218B005C911C /* StatusView.swift in Sources */ = {isa = PBXBuildFile; fileRef = 2C20669921FD76900082570E /* StatusView.swift */; };
		2C17C67C242721C5005C911C /* Colors.swift in Sources */ = {isa = PBXBuildFile; fileRef = 2C9118B523406B530018916F /* Colors.swift */; };
		2C60A56224871730006496BA /* UpdateTextField.swift in Sources */ = {isa = PBXBuildFile; fileRef = 2C60A4E524870678006496BA /* UpdateTextField.swift */; };
		562D325D2D3C8CEB002F382E /* SyntaxTextStorage.swift in Sources */ = {isa = PBXBuildFile; fileRef = 562D32482D3C8CEB002F382E /* SyntaxTextStorage.swift */; };
		562D325E2D3C8CEB002F382E /* String+Range.swift in Sources */ = {isa = PBXBuildFile; fileRef = 562D32492D3C8CEB002F382E /* String+Range.swift */; };
		562D325F2D3C8CEB002F382E /* NSTextView+UIKit.swift in Sources */ = {isa = PBXBuildFile; fileRef = 562D324A2D3C8CEB002F382E /* NSTextView+UIKit.swift */; };
		562D32602D3C8CEB002F382E /* Types.swift in Sources */ = {isa = PBXBuildFile; fileRef = 562D324B2D3C8CEB002F382E /* Types.swift */; };
		562D32612D3C8CEB002F382E /* NSMutableAttributedString+Tokens.swift in Sources */ = {isa = PBXBuildFile; fileRef = 562D324C2D3C8CEB002F382E /* NSMutableAttributedString+Tokens.swift */; };
		562D32622D3C8CEB002F382E /* Lexer.swift in Sources */ = {isa = PBXBuildFile; fileRef = 562D324E2D3C8CEB002F382E /* Lexer.swift */; };
		562D32632D3C8CEB002F382E /* Paragraph.swift in Sources */ = {isa = PBXBuildFile; fileRef = 562D324F2D3C8CEB002F382E /* Paragraph.swift */; };
		562D32642D3C8CEB002F382E /* SyntaxColorTheme.swift in Sources */ = {isa = PBXBuildFile; fileRef = 562D32502D3C8CEB002F382E /* SyntaxColorTheme.swift */; };
		562D32652D3C8CEB002F382E /* Token.swift in Sources */ = {isa = PBXBuildFile; fileRef = 562D32512D3C8CEB002F382E /* Token.swift */; };
		562D32662D3C8CEB002F382E /* RegexLexer.swift in Sources */ = {isa = PBXBuildFile; fileRef = 562D32522D3C8CEB002F382E /* RegexLexer.swift */; };
		562D32672D3C8CEB002F382E /* InnerTextView+MultilineEditing.swift in Sources */ = {isa = PBXBuildFile; fileRef = 562D32542D3C8CEB002F382E /* InnerTextView+MultilineEditing.swift */; };
		562D32682D3C8CEB002F382E /* SyntaxTextView.swift in Sources */ = {isa = PBXBuildFile; fileRef = 562D32552D3C8CEB002F382E /* SyntaxTextView.swift */; };
		562D32692D3C8CEB002F382E /* SyntaxTextView+TextViewDelegate.swift in Sources */ = {isa = PBXBuildFile; fileRef = 562D32562D3C8CEB002F382E /* SyntaxTextView+TextViewDelegate.swift */; };
		562D326A2D3C8CEB002F382E /* InnerTexView+MultilineActions.swift in Sources */ = {isa = PBXBuildFile; fileRef = 562D32572D3C8CEB002F382E /* InnerTexView+MultilineActions.swift */; };
		562D326B2D3C8CEB002F382E /* InnerTextView.swift in Sources */ = {isa = PBXBuildFile; fileRef = 562D32582D3C8CEB002F382E /* InnerTextView.swift */; };
		562D326C2D3C8CEB002F382E /* LineRulerView.swift in Sources */ = {isa = PBXBuildFile; fileRef = 562D32592D3C8CEB002F382E /* LineRulerView.swift */; };
		562D326D2D3C8CEB002F382E /* SyntaxTextViewLayoutManager.swift in Sources */ = {isa = PBXBuildFile; fileRef = 562D325A2D3C8CEB002F382E /* SyntaxTextViewLayoutManager.swift */; };
		562D326E2D3C8CEB002F382E /* Paragraphs.swift in Sources */ = {isa = PBXBuildFile; fileRef = 562D325B2D3C8CEB002F382E /* Paragraphs.swift */; };
		562D326F2D3C8CEB002F382E /* InnerTextView+MultilineKeyBinding.swift in Sources */ = {isa = PBXBuildFile; fileRef = 562D325C2D3C8CEB002F382E /* InnerTextView+MultilineKeyBinding.swift */; };
		562D32782D3C8D08002F382E /* FuseUtilities.swift in Sources */ = {isa = PBXBuildFile; fileRef = 562D32722D3C8D08002F382E /* FuseUtilities.swift */; };
		562D32792D3C8D08002F382E /* Fuse.swift in Sources */ = {isa = PBXBuildFile; fileRef = 562D32732D3C8D08002F382E /* Fuse.swift */; };
		562D327B2D3C8D08002F382E /* String+Fuse.swift in Sources */ = {isa = PBXBuildFile; fileRef = 562D32752D3C8D08002F382E /* String+Fuse.swift */; };
		56F2AFC62D38BF22007EB743 /* PopoverContainerView.swift in Sources */ = {isa = PBXBuildFile; fileRef = 2C873BE02697C2A800D9A3F0 /* PopoverContainerView.swift */; };
		56F2AFC72D38BF22007EB743 /* ScriptsSettingsViewController.swift in Sources */ = {isa = PBXBuildFile; fileRef = 2CC211C4236FB5C1007CECEE /* ScriptsSettingsViewController.swift */; };
		56F2AFC82D38BF22007EB743 /* ScriptExecution.swift in Sources */ = {isa = PBXBuildFile; fileRef = 2C53B6DF226D404E00DC6861 /* ScriptExecution.swift */; };
		56F2AFC92D38BF22007EB743 /* Script+Require.swift in Sources */ = {isa = PBXBuildFile; fileRef = 2C0BC0DC24AAC518009B8631 /* Script+Require.swift */; };
		56F2AFCA2D38BF22007EB743 /* Colors.swift in Sources */ = {isa = PBXBuildFile; fileRef = 2C9118B523406B530018916F /* Colors.swift */; };
		56F2AFCB2D38BF22007EB743 /* UpdateBuddy.swift in Sources */ = {isa = PBXBuildFile; fileRef = 2C60A4A12482FE9E006496BA /* UpdateBuddy.swift */; };
		56F2AFCC2D38BF22007EB743 /* PopoverViewController.swift in Sources */ = {isa = PBXBuildFile; fileRef = 2C2066A121FE47090082570E /* PopoverViewController.swift */; };
		56F2AFCD2D38BF22007EB743 /* Script.swift in Sources */ = {isa = PBXBuildFile; fileRef = 2C9761DE2214E46800AFF8CD /* Script.swift */; };
		56F2AFCE2D38BF22007EB743 /* AppVersion.swift in Sources */ = {isa = PBXBuildFile; fileRef = 2C60A4A3248300CE006496BA /* AppVersion.swift */; };
		56F2AFCF2D38BF22007EB743 /* DefaultTheme.swift in Sources */ = {isa = PBXBuildFile; fileRef = 2C20668F21FD64A20082570E /* DefaultTheme.swift */; };
		56F2AFD02D38BF22007EB743 /* ScriptManager.swift in Sources */ = {isa = PBXBuildFile; fileRef = 2C9761DB2214E45300AFF8CD /* ScriptManager.swift */; };
		56F2AFD12D38BF22007EB743 /* AppDelegate.swift in Sources */ = {isa = PBXBuildFile; fileRef = 2C20667521FD628E0082570E /* AppDelegate.swift */; };
		56F2AFD22D38BF22007EB743 /* OverlayView.swift in Sources */ = {isa = PBXBuildFile; fileRef = 2C20669D21FE445E0082570E /* OverlayView.swift */; };
		56F2AFD32D38BF22007EB743 /* ScriptTableViewCell.swift in Sources */ = {isa = PBXBuildFile; fileRef = 2C9761E02214E68D00AFF8CD /* ScriptTableViewCell.swift */; };
		56F2AFD42D38BF22007EB743 /* ScriptTableView.swift in Sources */ = {isa = PBXBuildFile; fileRef = 2CA245DB224822EA00586DFD /* ScriptTableView.swift */; };
		56F2AFD52D38BF22007EB743 /* BoopLexer.swift in Sources */ = {isa = PBXBuildFile; fileRef = 2C20669321FD6F400082570E /* BoopLexer.swift */; };
		56F2AFD62D38BF22007EB743 /* BoopToken.swift in Sources */ = {isa = PBXBuildFile; fileRef = 2C20669B21FE3E060082570E /* BoopToken.swift */; };
		56F2AFD72D38BF22007EB743 /* SearchField.swift in Sources */ = {isa = PBXBuildFile; fileRef = 2C2066A521FE53870082570E /* SearchField.swift */; };
		56F2AFD82D38BF22007EB743 /* PopoverView.swift in Sources */ = {isa = PBXBuildFile; fileRef = 2C2066A321FE47CE0082570E /* PopoverView.swift */; };
		56F2AFD92D38BF22007EB743 /* MainViewController.swift in Sources */ = {isa = PBXBuildFile; fileRef = 2C20668921FD63C90082570E /* MainViewController.swift */; };
		56F2AFDA2D38BF22007EB743 /* StatusView.swift in Sources */ = {isa = PBXBuildFile; fileRef = 2C20669921FD76900082570E /* StatusView.swift */; };
		56F2AFDB2D38BF22007EB743 /* UpdateTextField.swift in Sources */ = {isa = PBXBuildFile; fileRef = 2C60A4E524870678006496BA /* UpdateTextField.swift */; };
		56F2AFDC2D38BF22007EB743 /* PreferencesTabViewController.swift in Sources */ = {isa = PBXBuildFile; fileRef = 2CC211C2236E3141007CECEE /* PreferencesTabViewController.swift */; };
		56F2AFDD2D38BF22007EB743 /* ThemeSettingsViewController.swift in Sources */ = {isa = PBXBuildFile; fileRef = 2CEC93F9249C2D600080B9B8 /* ThemeSettingsViewController.swift */; };
		56F2AFDE2D38BF22007EB743 /* ScriptsTableViewController.swift in Sources */ = {isa = PBXBuildFile; fileRef = 2C9761D82214E3B500AFF8CD /* ScriptsTableViewController.swift */; };
		56F2AFE42D38BF22007EB743 /* scripts in Resources */ = {isa = PBXBuildFile; fileRef = 2C9761D42214E11600AFF8CD /* scripts */; };
		56F2AFE52D38BF22007EB743 /* Assets.xcassets in Resources */ = {isa = PBXBuildFile; fileRef = 2C20667721FD62910082570E /* Assets.xcassets */; };
		56F2AFE62D38BF22007EB743 /* MainMenu.xib in Resources */ = {isa = PBXBuildFile; fileRef = 2C20667921FD62910082570E /* MainMenu.xib */; };
		56F2AFE72D38BF22007EB743 /* Preferences.storyboard in Resources */ = {isa = PBXBuildFile; fileRef = 2C5ED41D2357F67200322893 /* Preferences.storyboard */; };
/* End PBXBuildFile section */

/* Begin PBXCopyFilesBuildPhase section */
		56F2AFE82D38BF22007EB743 /* Embed Frameworks */ = {
			isa = PBXCopyFilesBuildPhase;
			buildActionMask = 2147483647;
			dstPath = "";
			dstSubfolderSpec = 10;
			files = (
			);
			name = "Embed Frameworks";
			runOnlyForDeploymentPostprocessing = 0;
		};
/* End PBXCopyFilesBuildPhase section */

/* Begin PBXFileReference section */
		2C0BC0DC24AAC518009B8631 /* Script+Require.swift */ = {isa = PBXFileReference; lastKnownFileType = sourcecode.swift; path = "Script+Require.swift"; sourceTree = "<group>"; };
		2C17C66724271DDA005C911C /* GTDDevToolTests.xctest */ = {isa = PBXFileReference; explicitFileType = wrapper.cfbundle; includeInIndex = 0; path = GTDDevToolTests.xctest; sourceTree = BUILT_PRODUCTS_DIR; };
		2C17C66924271DDA005C911C /* GTDDevToolTests.swift */ = {isa = PBXFileReference; lastKnownFileType = sourcecode.swift; path = GTDDevToolTests.swift; sourceTree = "<group>"; };
		2C17C66B24271DDA005C911C /* Info.plist */ = {isa = PBXFileReference; lastKnownFileType = text.plist.xml; path = Info.plist; sourceTree = "<group>"; };
		2C17C67124271EBD005C911C /* ScriptManagerTests.swift */ = {isa = PBXFileReference; lastKnownFileType = sourcecode.swift; path = ScriptManagerTests.swift; sourceTree = "<group>"; };
		2C20667521FD628E0082570E /* AppDelegate.swift */ = {isa = PBXFileReference; lastKnownFileType = sourcecode.swift; path = AppDelegate.swift; sourceTree = "<group>"; };
		2C20667721FD62910082570E /* Assets.xcassets */ = {isa = PBXFileReference; lastKnownFileType = folder.assetcatalog; path = Assets.xcassets; sourceTree = "<group>"; };
		2C20667A21FD62910082570E /* Base */ = {isa = PBXFileReference; lastKnownFileType = file.xib; name = Base; path = Base.lproj/MainMenu.xib; sourceTree = "<group>"; };
		2C20667C21FD62910082570E /* Info.plist */ = {isa = PBXFileReference; lastKnownFileType = text.plist.xml; path = Info.plist; sourceTree = "<group>"; };
		2C20667D21FD62910082570E /* GTDDevTool.entitlements */ = {isa = PBXFileReference; lastKnownFileType = text.plist.entitlements; path = GTDDevTool.entitlements; sourceTree = "<group>"; };
		2C20668921FD63C90082570E /* MainViewController.swift */ = {isa = PBXFileReference; lastKnownFileType = sourcecode.swift; path = MainViewController.swift; sourceTree = "<group>"; };
		2C20668F21FD64A20082570E /* DefaultTheme.swift */ = {isa = PBXFileReference; lastKnownFileType = sourcecode.swift; path = DefaultTheme.swift; sourceTree = "<group>"; };
		2C20669321FD6F400082570E /* BoopLexer.swift */ = {isa = PBXFileReference; lastKnownFileType = sourcecode.swift; path = BoopLexer.swift; sourceTree = "<group>"; };
		2C20669921FD76900082570E /* StatusView.swift */ = {isa = PBXFileReference; lastKnownFileType = sourcecode.swift; path = StatusView.swift; sourceTree = "<group>"; };
		2C20669B21FE3E060082570E /* BoopToken.swift */ = {isa = PBXFileReference; lastKnownFileType = sourcecode.swift; path = BoopToken.swift; sourceTree = "<group>"; };
		2C20669D21FE445E0082570E /* OverlayView.swift */ = {isa = PBXFileReference; lastKnownFileType = sourcecode.swift; path = OverlayView.swift; sourceTree = "<group>"; };
		2C2066A121FE47090082570E /* PopoverViewController.swift */ = {isa = PBXFileReference; lastKnownFileType = sourcecode.swift; path = PopoverViewController.swift; sourceTree = "<group>"; };
		2C2066A321FE47CE0082570E /* PopoverView.swift */ = {isa = PBXFileReference; lastKnownFileType = sourcecode.swift; path = PopoverView.swift; sourceTree = "<group>"; };
		2C2066A521FE53870082570E /* SearchField.swift */ = {isa = PBXFileReference; lastKnownFileType = sourcecode.swift; path = SearchField.swift; sourceTree = "<group>"; };
		2C53B6DF226D404E00DC6861 /* ScriptExecution.swift */ = {isa = PBXFileReference; lastKnownFileType = sourcecode.swift; path = ScriptExecution.swift; sourceTree = "<group>"; };
		2C5770D4249727A600B38470 /* GTDDevToolRelease.entitlements */ = {isa = PBXFileReference; lastKnownFileType = text.plist.entitlements; path = GTDDevToolRelease.entitlements; sourceTree = "<group>"; };
		2C5ED41D2357F67200322893 /* Preferences.storyboard */ = {isa = PBXFileReference; lastKnownFileType = file.storyboard; path = Preferences.storyboard; sourceTree = "<group>"; };
		2C60A4A12482FE9E006496BA /* UpdateBuddy.swift */ = {isa = PBXFileReference; lastKnownFileType = sourcecode.swift; path = UpdateBuddy.swift; sourceTree = "<group>"; };
		2C60A4A3248300CE006496BA /* AppVersion.swift */ = {isa = PBXFileReference; lastKnownFileType = sourcecode.swift; path = AppVersion.swift; sourceTree = "<group>"; };
		2C60A4E524870678006496BA /* UpdateTextField.swift */ = {isa = PBXFileReference; lastKnownFileType = sourcecode.swift; path = UpdateTextField.swift; sourceTree = "<group>"; };
		2C873BE02697C2A800D9A3F0 /* PopoverContainerView.swift */ = {isa = PBXFileReference; lastKnownFileType = sourcecode.swift; path = PopoverContainerView.swift; sourceTree = "<group>"; };
		2C9118B523406B530018916F /* Colors.swift */ = {isa = PBXFileReference; lastKnownFileType = sourcecode.swift; path = Colors.swift; sourceTree = "<group>"; };
		2C9761D42214E11600AFF8CD /* scripts */ = {isa = PBXFileReference; lastKnownFileType = folder; path = scripts; sourceTree = "<group>"; };
		2C9761D82214E3B500AFF8CD /* ScriptsTableViewController.swift */ = {isa = PBXFileReference; lastKnownFileType = sourcecode.swift; path = ScriptsTableViewController.swift; sourceTree = "<group>"; };
		2C9761DB2214E45300AFF8CD /* ScriptManager.swift */ = {isa = PBXFileReference; fileEncoding = 4; lastKnownFileType = sourcecode.swift; path = ScriptManager.swift; sourceTree = "<group>"; };
		2C9761DE2214E46800AFF8CD /* Script.swift */ = {isa = PBXFileReference; lastKnownFileType = sourcecode.swift; path = Script.swift; sourceTree = "<group>"; };
		2C9761E02214E68D00AFF8CD /* ScriptTableViewCell.swift */ = {isa = PBXFileReference; lastKnownFileType = sourcecode.swift; path = ScriptTableViewCell.swift; sourceTree = "<group>"; };
		2CA245DB224822EA00586DFD /* ScriptTableView.swift */ = {isa = PBXFileReference; lastKnownFileType = sourcecode.swift; path = ScriptTableView.swift; sourceTree = "<group>"; };
		2CC211C2236E3141007CECEE /* PreferencesTabViewController.swift */ = {isa = PBXFileReference; lastKnownFileType = sourcecode.swift; path = PreferencesTabViewController.swift; sourceTree = "<group>"; };
		2CC211C4236FB5C1007CECEE /* ScriptsSettingsViewController.swift */ = {isa = PBXFileReference; lastKnownFileType = sourcecode.swift; path = ScriptsSettingsViewController.swift; sourceTree = "<group>"; };
		2CEC93F9249C2D600080B9B8 /* ThemeSettingsViewController.swift */ = {isa = PBXFileReference; lastKnownFileType = sourcecode.swift; path = ThemeSettingsViewController.swift; sourceTree = "<group>"; };
		562D32482D3C8CEB002F382E /* SyntaxTextStorage.swift */ = {isa = PBXFileReference; fileEncoding = 4; lastKnownFileType = sourcecode.swift; path = SyntaxTextStorage.swift; sourceTree = "<group>"; };
		562D32492D3C8CEB002F382E /* String+Range.swift */ = {isa = PBXFileReference; fileEncoding = 4; lastKnownFileType = sourcecode.swift; path = "String+Range.swift"; sourceTree = "<group>"; };
		562D324A2D3C8CEB002F382E /* NSTextView+UIKit.swift */ = {isa = PBXFileReference; fileEncoding = 4; lastKnownFileType = sourcecode.swift; path = "NSTextView+UIKit.swift"; sourceTree = "<group>"; };
		562D324B2D3C8CEB002F382E /* Types.swift */ = {isa = PBXFileReference; fileEncoding = 4; lastKnownFileType = sourcecode.swift; path = Types.swift; sourceTree = "<group>"; };
		562D324C2D3C8CEB002F382E /* NSMutableAttributedString+Tokens.swift */ = {isa = PBXFileReference; fileEncoding = 4; lastKnownFileType = sourcecode.swift; path = "NSMutableAttributedString+Tokens.swift"; sourceTree = "<group>"; };
		562D324E2D3C8CEB002F382E /* Lexer.swift */ = {isa = PBXFileReference; fileEncoding = 4; lastKnownFileType = sourcecode.swift; path = Lexer.swift; sourceTree = "<group>"; };
		562D324F2D3C8CEB002F382E /* Paragraph.swift */ = {isa = PBXFileReference; fileEncoding = 4; lastKnownFileType = sourcecode.swift; path = Paragraph.swift; sourceTree = "<group>"; };
		562D32502D3C8CEB002F382E /* SyntaxColorTheme.swift */ = {isa = PBXFileReference; fileEncoding = 4; lastKnownFileType = sourcecode.swift; path = SyntaxColorTheme.swift; sourceTree = "<group>"; };
		562D32512D3C8CEB002F382E /* Token.swift */ = {isa = PBXFileReference; fileEncoding = 4; lastKnownFileType = sourcecode.swift; path = Token.swift; sourceTree = "<group>"; };
		562D32522D3C8CEB002F382E /* RegexLexer.swift */ = {isa = PBXFileReference; fileEncoding = 4; lastKnownFileType = sourcecode.swift; path = RegexLexer.swift; sourceTree = "<group>"; };
		562D32542D3C8CEB002F382E /* InnerTextView+MultilineEditing.swift */ = {isa = PBXFileReference; fileEncoding = 4; lastKnownFileType = sourcecode.swift; path = "InnerTextView+MultilineEditing.swift"; sourceTree = "<group>"; };
		562D32552D3C8CEB002F382E /* SyntaxTextView.swift */ = {isa = PBXFileReference; fileEncoding = 4; lastKnownFileType = sourcecode.swift; path = SyntaxTextView.swift; sourceTree = "<group>"; };
		562D32562D3C8CEB002F382E /* SyntaxTextView+TextViewDelegate.swift */ = {isa = PBXFileReference; fileEncoding = 4; lastKnownFileType = sourcecode.swift; path = "SyntaxTextView+TextViewDelegate.swift"; sourceTree = "<group>"; };
		562D32572D3C8CEB002F382E /* InnerTexView+MultilineActions.swift */ = {isa = PBXFileReference; fileEncoding = 4; lastKnownFileType = sourcecode.swift; path = "InnerTexView+MultilineActions.swift"; sourceTree = "<group>"; };
		562D32582D3C8CEB002F382E /* InnerTextView.swift */ = {isa = PBXFileReference; fileEncoding = 4; lastKnownFileType = sourcecode.swift; path = InnerTextView.swift; sourceTree = "<group>"; };
		562D32592D3C8CEB002F382E /* LineRulerView.swift */ = {isa = PBXFileReference; fileEncoding = 4; lastKnownFileType = sourcecode.swift; path = LineRulerView.swift; sourceTree = "<group>"; };
		562D325A2D3C8CEB002F382E /* SyntaxTextViewLayoutManager.swift */ = {isa = PBXFileReference; fileEncoding = 4; lastKnownFileType = sourcecode.swift; path = SyntaxTextViewLayoutManager.swift; sourceTree = "<group>"; };
		562D325B2D3C8CEB002F382E /* Paragraphs.swift */ = {isa = PBXFileReference; fileEncoding = 4; lastKnownFileType = sourcecode.swift; path = Paragraphs.swift; sourceTree = "<group>"; };
		562D325C2D3C8CEB002F382E /* InnerTextView+MultilineKeyBinding.swift */ = {isa = PBXFileReference; fileEncoding = 4; lastKnownFileType = sourcecode.swift; path = "InnerTextView+MultilineKeyBinding.swift"; sourceTree = "<group>"; };
		562D32722D3C8D08002F382E /* FuseUtilities.swift */ = {isa = PBXFileReference; fileEncoding = 4; lastKnownFileType = sourcecode.swift; path = FuseUtilities.swift; sourceTree = "<group>"; };
		562D32732D3C8D08002F382E /* Fuse.swift */ = {isa = PBXFileReference; fileEncoding = 4; lastKnownFileType = sourcecode.swift; path = Fuse.swift; sourceTree = "<group>"; };
		562D32742D3C8D08002F382E /* .gitkeep */ = {isa = PBXFileReference; fileEncoding = 4; lastKnownFileType = text; path = .gitkeep; sourceTree = "<group>"; };
		562D32752D3C8D08002F382E /* String+Fuse.swift */ = {isa = PBXFileReference; fileEncoding = 4; lastKnownFileType = sourcecode.swift; path = "String+Fuse.swift"; sourceTree = "<group>"; };
		562D32772D3C8D08002F382E /* .gitkeep */ = {isa = PBXFileReference; fileEncoding = 4; lastKnownFileType = text; path = .gitkeep; sourceTree = "<group>"; };
		56F2AFEC2D38BF22007EB743 /* InitiumDevTool.app */ = {isa = PBXFileReference; explicitFileType = wrapper.application; includeInIndex = 0; path = InitiumDevTool.app; sourceTree = BUILT_PRODUCTS_DIR; };
		56F2AFED2D38BF23007EB743 /* VNLookDevTool-Info.plist */ = {isa = PBXFileReference; lastKnownFileType = text.plist.xml; name = "VNLookDevTool-Info.plist"; path = "/Users/duynt/Gotadi/IOS/gtd-devtool/GTDDevTool/VNLookDevTool-Info.plist"; sourceTree = "<absolute>"; };
/* End PBXFileReference section */

/* Begin PBXFrameworksBuildPhase section */
		2C17C66424271DDA005C911C /* Frameworks */ = {
			isa = PBXFrameworksBuildPhase;
			buildActionMask = 2147483647;
			files = (
			);
			runOnlyForDeploymentPostprocessing = 0;
		};
		56F2AFDF2D38BF22007EB743 /* Frameworks */ = {
			isa = PBXFrameworksBuildPhase;
			buildActionMask = 2147483647;
			files = (
			);
			runOnlyForDeploymentPostprocessing = 0;
		};
/* End PBXFrameworksBuildPhase section */

/* Begin PBXGroup section */
		2C17C66824271DDA005C911C /* GTDDevToolTests */ = {
			isa = PBXGroup;
			children = (
				2C17C66924271DDA005C911C /* GTDDevToolTests.swift */,
				2C17C66B24271DDA005C911C /* Info.plist */,
				2C17C67124271EBD005C911C /* ScriptManagerTests.swift */,
			);
			path = GTDDevToolTests;
			sourceTree = "<group>";
		};
		2C20666921FD628E0082570E = {
			isa = PBXGroup;
			children = (
				2C5ED41C2357F65400322893 /* UI */,
				2C20667421FD628E0082570E /* GTDDevTool */,
				2C17C66824271DDA005C911C /* GTDDevToolTests */,
				2C20667321FD628E0082570E /* Products */,
				53D77B44249A4019002A2F02 /* Frameworks */,
				56F2AFED2D38BF23007EB743 /* VNLookDevTool-Info.plist */,
			);
			sourceTree = "<group>";
		};
		2C20667321FD628E0082570E /* Products */ = {
			isa = PBXGroup;
			children = (
				2C17C66724271DDA005C911C /* GTDDevToolTests.xctest */,
				56F2AFEC2D38BF22007EB743 /* InitiumDevTool.app */,
			);
			name = Products;
			sourceTree = "<group>";
		};
		2C20667421FD628E0082570E /* GTDDevTool */ = {
			isa = PBXGroup;
			children = (
				2C20667D21FD62910082570E /* GTDDevTool.entitlements */,
				2C5770D4249727A600B38470 /* GTDDevToolRelease.entitlements */,
				2C9761DA2214E44300AFF8CD /* System */,
				562D32462D3C8CEB002F382E /* SavannaKit */,
				562D32702D3C8D08002F382E /* Fuse */,
				2C9761D42214E11600AFF8CD /* scripts */,
				2C20669821FD767E0082570E /* Views */,
				2C20668D21FD64330082570E /* Editor */,
				2C20668821FD63AB0082570E /* Controllers */,
				2C20667521FD628E0082570E /* AppDelegate.swift */,
				2C20667721FD62910082570E /* Assets.xcassets */,
				2C20667C21FD62910082570E /* Info.plist */,
			);
			path = GTDDevTool;
			sourceTree = "<group>";
		};
		2C20668821FD63AB0082570E /* Controllers */ = {
			isa = PBXGroup;
			children = (
				2CC211C1236E3125007CECEE /* Preferences */,
				2C20668921FD63C90082570E /* MainViewController.swift */,
				2C2066A121FE47090082570E /* PopoverViewController.swift */,
				2C9761D82214E3B500AFF8CD /* ScriptsTableViewController.swift */,
			);
			path = Controllers;
			sourceTree = "<group>";
		};
		2C20668D21FD64330082570E /* Editor */ = {
			isa = PBXGroup;
			children = (
				2C20668E21FD64580082570E /* Themes */,
				2C20669321FD6F400082570E /* BoopLexer.swift */,
				2C20669B21FE3E060082570E /* BoopToken.swift */,
			);
			path = Editor;
			sourceTree = "<group>";
		};
		2C20668E21FD64580082570E /* Themes */ = {
			isa = PBXGroup;
			children = (
				2C20668F21FD64A20082570E /* DefaultTheme.swift */,
				2C9118B523406B530018916F /* Colors.swift */,
			);
			path = Themes;
			sourceTree = "<group>";
		};
		2C20669821FD767E0082570E /* Views */ = {
			isa = PBXGroup;
			children = (
				2C20669921FD76900082570E /* StatusView.swift */,
				2C20669D21FE445E0082570E /* OverlayView.swift */,
				2C2066A321FE47CE0082570E /* PopoverView.swift */,
				2C2066A521FE53870082570E /* SearchField.swift */,
				2C9761E02214E68D00AFF8CD /* ScriptTableViewCell.swift */,
				2CA245DB224822EA00586DFD /* ScriptTableView.swift */,
				2C60A4E524870678006496BA /* UpdateTextField.swift */,
				2C873BE02697C2A800D9A3F0 /* PopoverContainerView.swift */,
			);
			path = Views;
			sourceTree = "<group>";
		};
		2C5ED41C2357F65400322893 /* UI */ = {
			isa = PBXGroup;
			children = (
				2C20667921FD62910082570E /* MainMenu.xib */,
				2C5ED41D2357F67200322893 /* Preferences.storyboard */,
			);
			path = UI;
			sourceTree = "<group>";
		};
		2C9761DA2214E44300AFF8CD /* System */ = {
			isa = PBXGroup;
			children = (
				2C9761DD2214E45D00AFF8CD /* Models */,
				2C9761DB2214E45300AFF8CD /* ScriptManager.swift */,
				2C60A4A12482FE9E006496BA /* UpdateBuddy.swift */,
			);
			path = System;
			sourceTree = "<group>";
		};
		2C9761DD2214E45D00AFF8CD /* Models */ = {
			isa = PBXGroup;
			children = (
				2C9761DE2214E46800AFF8CD /* Script.swift */,
				2C0BC0DC24AAC518009B8631 /* Script+Require.swift */,
				2C53B6DF226D404E00DC6861 /* ScriptExecution.swift */,
				2C60A4A3248300CE006496BA /* AppVersion.swift */,
			);
			path = Models;
			sourceTree = "<group>";
		};
		2CC211C1236E3125007CECEE /* Preferences */ = {
			isa = PBXGroup;
			children = (
				2CC211C2236E3141007CECEE /* PreferencesTabViewController.swift */,
				2CC211C4236FB5C1007CECEE /* ScriptsSettingsViewController.swift */,
				2CEC93F9249C2D600080B9B8 /* ThemeSettingsViewController.swift */,
			);
			path = Preferences;
			sourceTree = "<group>";
		};
		53D77B44249A4019002A2F02 /* Frameworks */ = {
			isa = PBXGroup;
			children = (
			);
			name = Frameworks;
			sourceTree = "<group>";
		};
		562D32462D3C8CEB002F382E /* SavannaKit */ = {
			isa = PBXGroup;
			children = (
				562D32472D3C8CEB002F382E /* Util */,
				562D324D2D3C8CEB002F382E /* Model */,
				562D32532D3C8CEB002F382E /* View */,
			);
			path = SavannaKit;
			sourceTree = "<group>";
		};
		562D32472D3C8CEB002F382E /* Util */ = {
			isa = PBXGroup;
			children = (
				562D32482D3C8CEB002F382E /* SyntaxTextStorage.swift */,
				562D32492D3C8CEB002F382E /* String+Range.swift */,
				562D324A2D3C8CEB002F382E /* NSTextView+UIKit.swift */,
				562D324B2D3C8CEB002F382E /* Types.swift */,
				562D324C2D3C8CEB002F382E /* NSMutableAttributedString+Tokens.swift */,
			);
			path = Util;
			sourceTree = "<group>";
		};
		562D324D2D3C8CEB002F382E /* Model */ = {
			isa = PBXGroup;
			children = (
				562D324E2D3C8CEB002F382E /* Lexer.swift */,
				562D324F2D3C8CEB002F382E /* Paragraph.swift */,
				562D32502D3C8CEB002F382E /* SyntaxColorTheme.swift */,
				562D32512D3C8CEB002F382E /* Token.swift */,
				562D32522D3C8CEB002F382E /* RegexLexer.swift */,
			);
			path = Model;
			sourceTree = "<group>";
		};
		562D32532D3C8CEB002F382E /* View */ = {
			isa = PBXGroup;
			children = (
				562D32542D3C8CEB002F382E /* InnerTextView+MultilineEditing.swift */,
				562D32552D3C8CEB002F382E /* SyntaxTextView.swift */,
				562D32562D3C8CEB002F382E /* SyntaxTextView+TextViewDelegate.swift */,
				562D32572D3C8CEB002F382E /* InnerTexView+MultilineActions.swift */,
				562D32582D3C8CEB002F382E /* InnerTextView.swift */,
				562D32592D3C8CEB002F382E /* LineRulerView.swift */,
				562D325A2D3C8CEB002F382E /* SyntaxTextViewLayoutManager.swift */,
				562D325B2D3C8CEB002F382E /* Paragraphs.swift */,
				562D325C2D3C8CEB002F382E /* InnerTextView+MultilineKeyBinding.swift */,
			);
			path = View;
			sourceTree = "<group>";
		};
		562D32702D3C8D08002F382E /* Fuse */ = {
			isa = PBXGroup;
			children = (
				562D32712D3C8D08002F382E /* Classes */,
				562D32762D3C8D08002F382E /* Assets */,
			);
			path = Fuse;
			sourceTree = "<group>";
		};
		562D32712D3C8D08002F382E /* Classes */ = {
			isa = PBXGroup;
			children = (
				562D32722D3C8D08002F382E /* FuseUtilities.swift */,
				562D32732D3C8D08002F382E /* Fuse.swift */,
				562D32742D3C8D08002F382E /* .gitkeep */,
				562D32752D3C8D08002F382E /* String+Fuse.swift */,
			);
			path = Classes;
			sourceTree = "<group>";
		};
		562D32762D3C8D08002F382E /* Assets */ = {
			isa = PBXGroup;
			children = (
				562D32772D3C8D08002F382E /* .gitkeep */,
			);
			path = Assets;
			sourceTree = "<group>";
		};
/* End PBXGroup section */

/* Begin PBXNativeTarget section */
		2C17C66624271DDA005C911C /* GTDDevToolTests */ = {
			isa = PBXNativeTarget;
			buildConfigurationList = 2C17C67024271DDA005C911C /* Build configuration list for PBXNativeTarget "GTDDevToolTests" */;
			buildPhases = (
				2C17C66324271DDA005C911C /* Sources */,
				2C17C66424271DDA005C911C /* Frameworks */,
				2C17C66524271DDA005C911C /* Resources */,
			);
			buildRules = (
			);
			dependencies = (
			);
			name = GTDDevToolTests;
			productName = BoopTests;
			productReference = 2C17C66724271DDA005C911C /* GTDDevToolTests.xctest */;
			productType = "com.apple.product-type.bundle.unit-test";
		};
		56F2AFC12D38BF22007EB743 /* VNLookDevTool */ = {
			isa = PBXNativeTarget;
			buildConfigurationList = 56F2AFE92D38BF22007EB743 /* Build configuration list for PBXNativeTarget "VNLookDevTool" */;
			buildPhases = (
				56F2AFC52D38BF22007EB743 /* Sources */,
				56F2AFDF2D38BF22007EB743 /* Frameworks */,
				56F2AFE32D38BF22007EB743 /* Resources */,
				56F2AFE82D38BF22007EB743 /* Embed Frameworks */,
			);
			buildRules = (
			);
			dependencies = (
			);
			name = VNLookDevTool;
			packageProductDependencies = (
			);
			productName = Boop;
			productReference = 56F2AFEC2D38BF22007EB743 /* InitiumDevTool.app */;
			productType = "com.apple.product-type.application";
		};
/* End PBXNativeTarget section */

/* Begin PBXProject section */
		2C20666A21FD628E0082570E /* Project object */ = {
			isa = PBXProject;
			attributes = {
				BuildIndependentTargetsInParallel = YES;
				CLASSPREFIX = VNL;
				LastSwiftUpdateCheck = 1100;
				LastUpgradeCheck = 1510;
				ORGANIZATIONNAME = VNLook;
				TargetAttributes = {
					2C17C66624271DDA005C911C = {
						CreatedOnToolsVersion = 11.0;
						TestTargetID = 2C20667121FD628E0082570E;
					};
				};
			};
			buildConfigurationList = 2C20666D21FD628E0082570E /* Build configuration list for PBXProject "GTDDevTool" */;
			compatibilityVersion = "Xcode 9.3";
			developmentRegion = en;
			hasScannedForEncodings = 0;
			knownRegions = (
				en,
				Base,
			);
			mainGroup = 2C20666921FD628E0082570E;
			packageReferences = (
			);
			productRefGroup = 2C20667321FD628E0082570E /* Products */;
			projectDirPath = "";
			projectRoot = "";
			targets = (
				56F2AFC12D38BF22007EB743 /* VNLookDevTool */,
				2C17C66624271DDA005C911C /* GTDDevToolTests */,
			);
		};
/* End PBXProject section */

/* Begin PBXResourcesBuildPhase section */
		2C17C66524271DDA005C911C /* Resources */ = {
			isa = PBXResourcesBuildPhase;
			buildActionMask = 2147483647;
			files = (
			);
			runOnlyForDeploymentPostprocessing = 0;
		};
		56F2AFE32D38BF22007EB743 /* Resources */ = {
			isa = PBXResourcesBuildPhase;
			buildActionMask = 2147483647;
			files = (
				56F2AFE42D38BF22007EB743 /* scripts in Resources */,
				56F2AFE52D38BF22007EB743 /* Assets.xcassets in Resources */,
				56F2AFE62D38BF22007EB743 /* MainMenu.xib in Resources */,
				56F2AFE72D38BF22007EB743 /* Preferences.storyboard in Resources */,
			);
			runOnlyForDeploymentPostprocessing = 0;
		};
/* End PBXResourcesBuildPhase section */

/* Begin PBXSourcesBuildPhase section */
		2C17C66324271DDA005C911C /* Sources */ = {
			isa = PBXSourcesBuildPhase;
			buildActionMask = 2147483647;
			files = (
				2C17C67224271EBD005C911C /* ScriptManagerTests.swift in Sources */,
				2C17C67B2427218B005C911C /* StatusView.swift in Sources */,
				2C17C6762427214B005C911C /* Script.swift in Sources */,
				2C17C67C242721C5005C911C /* Colors.swift in Sources */,
				2C08A74F24B2269C00E1BD83 /* Script+Require.swift in Sources */,
				2C17C6772427214D005C911C /* ScriptExecution.swift in Sources */,
				2C60A56224871730006496BA /* UpdateTextField.swift in Sources */,
				2C17C66A24271DDA005C911C /* GTDDevToolTests.swift in Sources */,
				2C17C67324271EE8005C911C /* ScriptManager.swift in Sources */,
			);
			runOnlyForDeploymentPostprocessing = 0;
		};
		56F2AFC52D38BF22007EB743 /* Sources */ = {
			isa = PBXSourcesBuildPhase;
			buildActionMask = 2147483647;
			files = (
				562D32632D3C8CEB002F382E /* Paragraph.swift in Sources */,
				562D326C2D3C8CEB002F382E /* LineRulerView.swift in Sources */,
				56F2AFC62D38BF22007EB743 /* PopoverContainerView.swift in Sources */,
				56F2AFC72D38BF22007EB743 /* ScriptsSettingsViewController.swift in Sources */,
				56F2AFC82D38BF22007EB743 /* ScriptExecution.swift in Sources */,
				562D325D2D3C8CEB002F382E /* SyntaxTextStorage.swift in Sources */,
				562D32662D3C8CEB002F382E /* RegexLexer.swift in Sources */,
				562D32682D3C8CEB002F382E /* SyntaxTextView.swift in Sources */,
				562D327B2D3C8D08002F382E /* String+Fuse.swift in Sources */,
				56F2AFC92D38BF22007EB743 /* Script+Require.swift in Sources */,
				562D326A2D3C8CEB002F382E /* InnerTexView+MultilineActions.swift in Sources */,
				56F2AFCA2D38BF22007EB743 /* Colors.swift in Sources */,
				56F2AFCB2D38BF22007EB743 /* UpdateBuddy.swift in Sources */,
				562D32672D3C8CEB002F382E /* InnerTextView+MultilineEditing.swift in Sources */,
				56F2AFCC2D38BF22007EB743 /* PopoverViewController.swift in Sources */,
				562D32612D3C8CEB002F382E /* NSMutableAttributedString+Tokens.swift in Sources */,
				56F2AFCD2D38BF22007EB743 /* Script.swift in Sources */,
				562D32642D3C8CEB002F382E /* SyntaxColorTheme.swift in Sources */,
				56F2AFCE2D38BF22007EB743 /* AppVersion.swift in Sources */,
				562D325E2D3C8CEB002F382E /* String+Range.swift in Sources */,
				562D326B2D3C8CEB002F382E /* InnerTextView.swift in Sources */,
				562D326D2D3C8CEB002F382E /* SyntaxTextViewLayoutManager.swift in Sources */,
				56F2AFCF2D38BF22007EB743 /* DefaultTheme.swift in Sources */,
				562D32782D3C8D08002F382E /* FuseUtilities.swift in Sources */,
				562D32652D3C8CEB002F382E /* Token.swift in Sources */,
				562D32792D3C8D08002F382E /* Fuse.swift in Sources */,
				56F2AFD02D38BF22007EB743 /* ScriptManager.swift in Sources */,
				56F2AFD12D38BF22007EB743 /* AppDelegate.swift in Sources */,
				56F2AFD22D38BF22007EB743 /* OverlayView.swift in Sources */,
				56F2AFD32D38BF22007EB743 /* ScriptTableViewCell.swift in Sources */,
				56F2AFD42D38BF22007EB743 /* ScriptTableView.swift in Sources */,
				56F2AFD52D38BF22007EB743 /* BoopLexer.swift in Sources */,
				562D326E2D3C8CEB002F382E /* Paragraphs.swift in Sources */,
				56F2AFD62D38BF22007EB743 /* BoopToken.swift in Sources */,
				562D325F2D3C8CEB002F382E /* NSTextView+UIKit.swift in Sources */,
				56F2AFD72D38BF22007EB743 /* SearchField.swift in Sources */,
				562D32602D3C8CEB002F382E /* Types.swift in Sources */,
				562D32692D3C8CEB002F382E /* SyntaxTextView+TextViewDelegate.swift in Sources */,
				56F2AFD82D38BF22007EB743 /* PopoverView.swift in Sources */,
				56F2AFD92D38BF22007EB743 /* MainViewController.swift in Sources */,
				56F2AFDA2D38BF22007EB743 /* StatusView.swift in Sources */,
				56F2AFDB2D38BF22007EB743 /* UpdateTextField.swift in Sources */,
				562D32622D3C8CEB002F382E /* Lexer.swift in Sources */,
				562D326F2D3C8CEB002F382E /* InnerTextView+MultilineKeyBinding.swift in Sources */,
				56F2AFDC2D38BF22007EB743 /* PreferencesTabViewController.swift in Sources */,
				56F2AFDD2D38BF22007EB743 /* ThemeSettingsViewController.swift in Sources */,
				56F2AFDE2D38BF22007EB743 /* ScriptsTableViewController.swift in Sources */,
			);
			runOnlyForDeploymentPostprocessing = 0;
		};
/* End PBXSourcesBuildPhase section */

/* Begin PBXVariantGroup section */
		2C20667921FD62910082570E /* MainMenu.xib */ = {
			isa = PBXVariantGroup;
			children = (
				2C20667A21FD62910082570E /* Base */,
			);
			name = MainMenu.xib;
			sourceTree = "<group>";
		};
/* End PBXVariantGroup section */

/* Begin XCBuildConfiguration section */
		2C17C66E24271DDA005C911C /* Debug */ = {
			isa = XCBuildConfiguration;
			buildSettings = {
				BUNDLE_LOADER = "$(TEST_HOST)";
				CODE_SIGN_IDENTITY = "-";
				CODE_SIGN_STYLE = Manual;
				COMBINE_HIDPI_IMAGES = YES;
				DEAD_CODE_STRIPPING = YES;
				DEVELOPMENT_TEAM = "";
				FRAMEWORK_SEARCH_PATHS = "";
				INFOPLIST_FILE = BoopTests/Info.plist;
				LD_RUNPATH_SEARCH_PATHS = (
					"$(inherited)",
					"@executable_path/../Frameworks",
					"@loader_path/../Frameworks",
				);
				MACOSX_DEPLOYMENT_TARGET = "$(RECOMMENDED_MACOSX_DEPLOYMENT_TARGET)";
				PRODUCT_BUNDLE_IDENTIFIER = com.OKatBest.BoopTests;
				PRODUCT_NAME = "$(TARGET_NAME)";
				PROVISIONING_PROFILE_SPECIFIER = "";
				SWIFT_VERSION = 5.0;
				TEST_HOST = "$(BUILT_PRODUCTS_DIR)/GTDDevTool.app/Contents/MacOS/GTDDevTool";
			};
			name = Debug;
		};
		2C17C66F24271DDA005C911C /* Release */ = {
			isa = XCBuildConfiguration;
			buildSettings = {
				BUNDLE_LOADER = "$(TEST_HOST)";
				CODE_SIGN_IDENTITY = "-";
				CODE_SIGN_STYLE = Manual;
				COMBINE_HIDPI_IMAGES = YES;
				DEAD_CODE_STRIPPING = YES;
				DEVELOPMENT_TEAM = "";
				FRAMEWORK_SEARCH_PATHS = "";
				INFOPLIST_FILE = BoopTests/Info.plist;
				LD_RUNPATH_SEARCH_PATHS = (
					"$(inherited)",
					"@executable_path/../Frameworks",
					"@loader_path/../Frameworks",
				);
				MACOSX_DEPLOYMENT_TARGET = "$(RECOMMENDED_MACOSX_DEPLOYMENT_TARGET)";
				PRODUCT_BUNDLE_IDENTIFIER = com.OKatBest.BoopTests;
				PRODUCT_NAME = "$(TARGET_NAME)";
				PROVISIONING_PROFILE_SPECIFIER = "";
				SWIFT_VERSION = 5.0;
				TEST_HOST = "$(BUILT_PRODUCTS_DIR)/GTDDevTool.app/Contents/MacOS/GTDDevTool";
			};
			name = Release;
		};
		2C20667E21FD62910082570E /* Debug */ = {
			isa = XCBuildConfiguration;
			buildSettings = {
				ALWAYS_SEARCH_USER_PATHS = NO;
				CLANG_ANALYZER_NONNULL = YES;
				CLANG_ANALYZER_NUMBER_OBJECT_CONVERSION = YES_AGGRESSIVE;
				CLANG_CXX_LANGUAGE_STANDARD = "gnu++14";
				CLANG_CXX_LIBRARY = "libc++";
				CLANG_ENABLE_MODULES = YES;
				CLANG_ENABLE_OBJC_ARC = YES;
				CLANG_ENABLE_OBJC_WEAK = YES;
				CLANG_WARN_BLOCK_CAPTURE_AUTORELEASING = YES;
				CLANG_WARN_BOOL_CONVERSION = YES;
				CLANG_WARN_COMMA = YES;
				CLANG_WARN_CONSTANT_CONVERSION = YES;
				CLANG_WARN_DEPRECATED_OBJC_IMPLEMENTATIONS = YES;
				CLANG_WARN_DIRECT_OBJC_ISA_USAGE = YES_ERROR;
				CLANG_WARN_DOCUMENTATION_COMMENTS = YES;
				CLANG_WARN_EMPTY_BODY = YES;
				CLANG_WARN_ENUM_CONVERSION = YES;
				CLANG_WARN_INFINITE_RECURSION = YES;
				CLANG_WARN_INT_CONVERSION = YES;
				CLANG_WARN_NON_LITERAL_NULL_CONVERSION = YES;
				CLANG_WARN_OBJC_IMPLICIT_RETAIN_SELF = YES;
				CLANG_WARN_OBJC_LITERAL_CONVERSION = YES;
				CLANG_WARN_OBJC_ROOT_CLASS = YES_ERROR;
				CLANG_WARN_QUOTED_INCLUDE_IN_FRAMEWORK_HEADER = YES;
				CLANG_WARN_RANGE_LOOP_ANALYSIS = YES;
				CLANG_WARN_STRICT_PROTOTYPES = YES;
				CLANG_WARN_SUSPICIOUS_MOVE = YES;
				CLANG_WARN_UNGUARDED_AVAILABILITY = YES_AGGRESSIVE;
				CLANG_WARN_UNREACHABLE_CODE = YES;
				CLANG_WARN__DUPLICATE_METHOD_MATCH = YES;
				CODE_SIGN_IDENTITY = "-";
				COPY_PHASE_STRIP = NO;
				DEAD_CODE_STRIPPING = YES;
				DEBUG_INFORMATION_FORMAT = dwarf;
				ENABLE_STRICT_OBJC_MSGSEND = YES;
				ENABLE_TESTABILITY = YES;
				ENABLE_USER_SCRIPT_SANDBOXING = YES;
				GCC_C_LANGUAGE_STANDARD = gnu11;
				GCC_DYNAMIC_NO_PIC = NO;
				GCC_NO_COMMON_BLOCKS = YES;
				GCC_OPTIMIZATION_LEVEL = 0;
				GCC_PREPROCESSOR_DEFINITIONS = (
					"DEBUG=1",
					"$(inherited)",
				);
				GCC_WARN_64_TO_32_BIT_CONVERSION = YES;
				GCC_WARN_ABOUT_RETURN_TYPE = YES_ERROR;
				GCC_WARN_UNDECLARED_SELECTOR = YES;
				GCC_WARN_UNINITIALIZED_AUTOS = YES_AGGRESSIVE;
				GCC_WARN_UNUSED_FUNCTION = YES;
				GCC_WARN_UNUSED_VARIABLE = YES;
				MACOSX_DEPLOYMENT_TARGET = 10.14;
				MTL_ENABLE_DEBUG_INFO = INCLUDE_SOURCE;
				MTL_FAST_MATH = YES;
				ONLY_ACTIVE_ARCH = YES;
				SDKROOT = macosx;
				SWIFT_ACTIVE_COMPILATION_CONDITIONS = DEBUG;
				SWIFT_OPTIMIZATION_LEVEL = "-Onone";
			};
			name = Debug;
		};
		2C20667F21FD62910082570E /* Release */ = {
			isa = XCBuildConfiguration;
			buildSettings = {
				ALWAYS_SEARCH_USER_PATHS = NO;
				CLANG_ANALYZER_NONNULL = YES;
				CLANG_ANALYZER_NUMBER_OBJECT_CONVERSION = YES_AGGRESSIVE;
				CLANG_CXX_LANGUAGE_STANDARD = "gnu++14";
				CLANG_CXX_LIBRARY = "libc++";
				CLANG_ENABLE_MODULES = YES;
				CLANG_ENABLE_OBJC_ARC = YES;
				CLANG_ENABLE_OBJC_WEAK = YES;
				CLANG_WARN_BLOCK_CAPTURE_AUTORELEASING = YES;
				CLANG_WARN_BOOL_CONVERSION = YES;
				CLANG_WARN_COMMA = YES;
				CLANG_WARN_CONSTANT_CONVERSION = YES;
				CLANG_WARN_DEPRECATED_OBJC_IMPLEMENTATIONS = YES;
				CLANG_WARN_DIRECT_OBJC_ISA_USAGE = YES_ERROR;
				CLANG_WARN_DOCUMENTATION_COMMENTS = YES;
				CLANG_WARN_EMPTY_BODY = YES;
				CLANG_WARN_ENUM_CONVERSION = YES;
				CLANG_WARN_INFINITE_RECURSION = YES;
				CLANG_WARN_INT_CONVERSION = YES;
				CLANG_WARN_NON_LITERAL_NULL_CONVERSION = YES;
				CLANG_WARN_OBJC_IMPLICIT_RETAIN_SELF = YES;
				CLANG_WARN_OBJC_LITERAL_CONVERSION = YES;
				CLANG_WARN_OBJC_ROOT_CLASS = YES_ERROR;
				CLANG_WARN_QUOTED_INCLUDE_IN_FRAMEWORK_HEADER = YES;
				CLANG_WARN_RANGE_LOOP_ANALYSIS = YES;
				CLANG_WARN_STRICT_PROTOTYPES = YES;
				CLANG_WARN_SUSPICIOUS_MOVE = YES;
				CLANG_WARN_UNGUARDED_AVAILABILITY = YES_AGGRESSIVE;
				CLANG_WARN_UNREACHABLE_CODE = YES;
				CLANG_WARN__DUPLICATE_METHOD_MATCH = YES;
				CODE_SIGN_IDENTITY = "-";
				COPY_PHASE_STRIP = NO;
				DEAD_CODE_STRIPPING = YES;
				DEBUG_INFORMATION_FORMAT = "dwarf-with-dsym";
				ENABLE_NS_ASSERTIONS = NO;
				ENABLE_STRICT_OBJC_MSGSEND = YES;
				ENABLE_USER_SCRIPT_SANDBOXING = YES;
				GCC_C_LANGUAGE_STANDARD = gnu11;
				GCC_NO_COMMON_BLOCKS = YES;
				GCC_WARN_64_TO_32_BIT_CONVERSION = YES;
				GCC_WARN_ABOUT_RETURN_TYPE = YES_ERROR;
				GCC_WARN_UNDECLARED_SELECTOR = YES;
				GCC_WARN_UNINITIALIZED_AUTOS = YES_AGGRESSIVE;
				GCC_WARN_UNUSED_FUNCTION = YES;
				GCC_WARN_UNUSED_VARIABLE = YES;
				MACOSX_DEPLOYMENT_TARGET = 10.14;
				MTL_ENABLE_DEBUG_INFO = NO;
				MTL_FAST_MATH = YES;
				SDKROOT = macosx;
				SWIFT_COMPILATION_MODE = wholemodule;
				SWIFT_OPTIMIZATION_LEVEL = "-O";
			};
			name = Release;
		};
		56F2AFEA2D38BF22007EB743 /* Debug */ = {
			isa = XCBuildConfiguration;
			buildSettings = {
				ASSETCATALOG_COMPILER_APPICON_NAME = AppIcon;
				CODE_SIGN_ENTITLEMENTS = GTDDevTool/GTDDevTool.entitlements;
				CODE_SIGN_IDENTITY = "Apple Development";
				CODE_SIGN_STYLE = Automatic;
				COMBINE_HIDPI_IMAGES = YES;
				CURRENT_PROJECT_VERSION = 2;
				DEAD_CODE_STRIPPING = YES;
				DEVELOPMENT_TEAM = NUH533L2G6;
				FRAMEWORK_SEARCH_PATHS = (
					"$(inherited)",
					"$(PROJECT_DIR)/GTDDevTool/Frameworks",
					"$(PROJECT_DIR)",
				);
				INFOPLIST_FILE = "VNLookDevTool-Info.plist";
				INFOPLIST_KEY_CFBundleDisplayName = InitiumDevTool;
				INFOPLIST_KEY_LSApplicationCategoryType = "public.app-category.developer-tools";
				LD_RUNPATH_SEARCH_PATHS = (
					"$(inherited)",
					"@executable_path/../Frameworks",
				);
				MACOSX_DEPLOYMENT_TARGET = 10.14;
				MARKETING_VERSION = 1.0.0;
				OTHER_CODE_SIGN_FLAGS = "--deep";
				PRODUCT_BUNDLE_IDENTIFIER = com.vnlook.devtools;
				PRODUCT_NAME = InitiumDevTool;
				PROVISIONING_PROFILE_SPECIFIER = "";
				SWIFT_VERSION = 5.0;
			};
			name = Debug;
		};
		56F2AFEB2D38BF22007EB743 /* Release */ = {
			isa = XCBuildConfiguration;
			buildSettings = {
				ASSETCATALOG_COMPILER_APPICON_NAME = AppIcon;
				CODE_SIGN_ENTITLEMENTS = GTDDevTool/GTDDevToolRelease.entitlements;
				CODE_SIGN_IDENTITY = "Apple Development";
				"CODE_SIGN_IDENTITY[sdk=macosx*]" = "-";
				CODE_SIGN_STYLE = Automatic;
				COMBINE_HIDPI_IMAGES = YES;
				CURRENT_PROJECT_VERSION = 2;
				DEAD_CODE_STRIPPING = YES;
				DEVELOPMENT_TEAM = NUH533L2G6;
				ENABLE_HARDENED_RUNTIME = YES;
				FRAMEWORK_SEARCH_PATHS = (
					"$(inherited)",
					"$(PROJECT_DIR)/GTDDevTool/Frameworks",
					"$(PROJECT_DIR)",
				);
				INFOPLIST_FILE = "VNLookDevTool-Info.plist";
				INFOPLIST_KEY_CFBundleDisplayName = InitiumDevTool;
				INFOPLIST_KEY_LSApplicationCategoryType = "public.app-category.developer-tools";
				LD_RUNPATH_SEARCH_PATHS = (
					"$(inherited)",
					"@executable_path/../Frameworks",
				);
				MACOSX_DEPLOYMENT_TARGET = 10.14;
				MARKETING_VERSION = 1.0.0;
				OTHER_CODE_SIGN_FLAGS = "--deep";
				PRODUCT_BUNDLE_IDENTIFIER = com.vnlook.devtools;
				PRODUCT_NAME = InitiumDevTool;
				PROVISIONING_PROFILE_SPECIFIER = "";
				SWIFT_VERSION = 5.0;
			};
			name = Release;
		};
/* End XCBuildConfiguration section */

/* Begin XCConfigurationList section */
		2C17C67024271DDA005C911C /* Build configuration list for PBXNativeTarget "GTDDevToolTests" */ = {
			isa = XCConfigurationList;
			buildConfigurations = (
				2C17C66E24271DDA005C911C /* Debug */,
				2C17C66F24271DDA005C911C /* Release */,
			);
			defaultConfigurationIsVisible = 0;
			defaultConfigurationName = Release;
		};
		2C20666D21FD628E0082570E /* Build configuration list for PBXProject "GTDDevTool" */ = {
			isa = XCConfigurationList;
			buildConfigurations = (
				2C20667E21FD62910082570E /* Debug */,
				2C20667F21FD62910082570E /* Release */,
			);
			defaultConfigurationIsVisible = 0;
			defaultConfigurationName = Release;
		};
		56F2AFE92D38BF22007EB743 /* Build configuration list for PBXNativeTarget "VNLookDevTool" */ = {
			isa = XCConfigurationList;
			buildConfigurations = (
				56F2AFEA2D38BF22007EB743 /* Debug */,
				56F2AFEB2D38BF22007EB743 /* Release */,
			);
			defaultConfigurationIsVisible = 0;
			defaultConfigurationName = Release;
		};
/* End XCConfigurationList section */
	};
	rootObject = 2C20666A21FD628E0082570E /* Project object */;
}
